
Microsoft Visual Studio Solution File, Format Version 12.00
# Visual Studio Version 17
VisualStudioVersion = 17.5.33516.290
MinimumVisualStudioVersion = 10.0.40219.1
Project("{9A19103F-16F7-4668-BE54-9A1E7A4F7556}") = "PharmaFlow.AdministrationManager", "PharmaFlow.AdministrationManager\PharmaFlow.AdministrationManager.csproj", "{70E1C5FF-2399-40D1-9266-8036742F3028}"
EndProject
Project("{E53339B2-1760-4266-BCC7-CA923CBCF16C}") = "docker-compose", "docker-compose.dcproj", "{BDA77B73-5EBE-401C-ABBA-4CD370365980}"
EndProject
Global
	GlobalSection(SolutionConfigurationPlatforms) = preSolution
		Debug|Any CPU = Debug|Any CPU
		Release|Any CPU = Release|Any CPU
	EndGlobalSection
	GlobalSection(ProjectConfigurationPlatforms) = postSolution
		{70E1C5FF-2399-40D1-9266-8036742F3028}.Debug|Any CPU.ActiveCfg = Debug|Any CPU
		{70E1C5FF-2399-40D1-9266-8036742F3028}.Debug|Any CPU.Build.0 = Debug|Any CPU
		{70E1C5FF-2399-40D1-9266-8036742F3028}.Release|Any CPU.ActiveCfg = Release|Any CPU
		{70E1C5FF-2399-40D1-9266-8036742F3028}.Release|Any CPU.Build.0 = Release|Any CPU
		{BDA77B73-5EBE-401C-ABBA-4CD370365980}.Debug|Any CPU.ActiveCfg = Debug|Any CPU
		{BDA77B73-5EBE-401C-ABBA-4CD370365980}.Debug|Any CPU.Build.0 = Debug|Any CPU
		{BDA77B73-5EBE-401C-ABBA-4CD370365980}.Release|Any CPU.ActiveCfg = Release|Any CPU
		{BDA77B73-5EBE-401C-ABBA-4CD370365980}.Release|Any CPU.Build.0 = Release|Any CPU
	EndGlobalSection
	GlobalSection(SolutionProperties) = preSolution
		HideSolutionNode = FALSE
	EndGlobalSection
	GlobalSection(ExtensibilityGlobals) = postSolution
		SolutionGuid = {B03C7E0C-67C5-49B3-AD14-C09AFCF890F4}
	EndGlobalSection
EndGlobal
